
Microsoft Visual Studio Solution File, Format Version 12.00
# Visual Studio Version 17
VisualStudioVersion = 17.1.32421.90
MinimumVisualStudioVersion = 10.0.40219.1
Project("{FAE04EC0-301F-11D3-BF4B-00C04F79EFBC}") = "MyFirstClass", "MyFirstClass\MyFirstClass.csproj", "{C11E47B4-781B-4E68-B7EC-8BEEAD9FD172}"
EndProject
Global
	GlobalSection(SolutionConfigurationPlatforms) = preSolution
		Debug|Any CPU = Debug|Any CPU
		Release|Any CPU = Release|Any CPU
	EndGlobalSection
	GlobalSection(ProjectConfigurationPlatforms) = postSolution
		{C11E47B4-781B-4E68-B7EC-8BEEAD9FD172}.Debug|Any CPU.ActiveCfg = Debug|Any CPU
		{C11E47B4-781B-4E68-B7EC-8BEEAD9FD172}.Debug|Any CPU.Build.0 = Debug|Any CPU
		{C11E47B4-781B-4E68-B7EC-8BEEAD9FD172}.Release|Any CPU.ActiveCfg = Release|Any CPU
		{C11E47B4-781B-4E68-B7EC-8BEEAD9FD172}.Release|Any CPU.Build.0 = Release|Any CPU
	EndGlobalSection
	GlobalSection(SolutionProperties) = preSolution
		HideSolutionNode = FALSE
	EndGlobalSection
	GlobalSection(ExtensibilityGlobals) = postSolution
		SolutionGuid = {F4899950-30B1-4921-B664-07EE8834500F}
	EndGlobalSection
EndGlobal
